
Microsoft Visual Studio Solution File, Format Version 12.00
# Visual Studio 15
VisualStudioVersion = 15.0.27703.2047
MinimumVisualStudioVersion = 10.0.40219.1
Project("{9A19103F-16F7-4668-BE54-9A1E7A4F7556}") = "SportsStore", "SportsStore\SportsStore.csproj", "{492625FF-ABA2-4835-8CC0-D6297C274F4B}"
EndProject
Project("{FAE04EC0-301F-11D3-BF4B-00C04F79EFBC}") = "SportsStore.Tests", "SportsStore.Tests\SportsStore.Tests.csproj", "{DF116EF5-6DEE-4DE5-964C-B457A7B6F329}"
EndProject
Global
	GlobalSection(SolutionConfigurationPlatforms) = preSolution
		Debug|Any CPU = Debug|Any CPU
		Release|Any CPU = Release|Any CPU
	EndGlobalSection
	GlobalSection(ProjectConfigurationPlatforms) = postSolution
		{492625FF-ABA2-4835-8CC0-D6297C274F4B}.Debug|Any CPU.ActiveCfg = Debug|Any CPU
		{492625FF-ABA2-4835-8CC0-D6297C274F4B}.Debug|Any CPU.Build.0 = Debug|Any CPU
		{492625FF-ABA2-4835-8CC0-D6297C274F4B}.Release|Any CPU.ActiveCfg = Release|Any CPU
		{492625FF-ABA2-4835-8CC0-D6297C274F4B}.Release|Any CPU.Build.0 = Release|Any CPU
		{DF116EF5-6DEE-4DE5-964C-B457A7B6F329}.Debug|Any CPU.ActiveCfg = Debug|Any CPU
		{DF116EF5-6DEE-4DE5-964C-B457A7B6F329}.Debug|Any CPU.Build.0 = Debug|Any CPU
		{DF116EF5-6DEE-4DE5-964C-B457A7B6F329}.Release|Any CPU.ActiveCfg = Release|Any CPU
		{DF116EF5-6DEE-4DE5-964C-B457A7B6F329}.Release|Any CPU.Build.0 = Release|Any CPU
	EndGlobalSection
	GlobalSection(SolutionProperties) = preSolution
		HideSolutionNode = FALSE
	EndGlobalSection
	GlobalSection(ExtensibilityGlobals) = postSolution
		SolutionGuid = {47918909-788A-45C0-A151-50D7A7FADBD3}
	EndGlobalSection
EndGlobal
